
Microsoft Visual Studio Solution File, Format Version 12.00
# Visual Studio Version 16
VisualStudioVersion = 16.0.28407.52
MinimumVisualStudioVersion = 10.0.40219.1
Project("{FAE04EC0-301F-11D3-BF4B-00C04F79EFBC}") = "Miki.BunnyCDN.Tests", "..\Miki.BunnyCDN.Tests\Miki.BunnyCDN.Tests.csproj", "{1B7801CE-1AD1-4A53-85F5-C6EE1F95AD25}"
EndProject
Project("{9A19103F-16F7-4668-BE54-9A1E7A4F7556}") = "Miki.BunnyCDN", "Miki.BunnyCDN.csproj", "{39D9DE2F-BBC2-4874-9B74-669A211CDA27}"
EndProject
Global
	GlobalSection(SolutionConfigurationPlatforms) = preSolution
		Debug|Any CPU = Debug|Any CPU
		Release|Any CPU = Release|Any CPU
	EndGlobalSection
	GlobalSection(ProjectConfigurationPlatforms) = postSolution
		{1B7801CE-1AD1-4A53-85F5-C6EE1F95AD25}.Debug|Any CPU.ActiveCfg = Debug|Any CPU
		{1B7801CE-1AD1-4A53-85F5-C6EE1F95AD25}.Debug|Any CPU.Build.0 = Debug|Any CPU
		{1B7801CE-1AD1-4A53-85F5-C6EE1F95AD25}.Release|Any CPU.ActiveCfg = Release|Any CPU
		{1B7801CE-1AD1-4A53-85F5-C6EE1F95AD25}.Release|Any CPU.Build.0 = Release|Any CPU
		{39D9DE2F-BBC2-4874-9B74-669A211CDA27}.Debug|Any CPU.ActiveCfg = Debug|Any CPU
		{39D9DE2F-BBC2-4874-9B74-669A211CDA27}.Debug|Any CPU.Build.0 = Debug|Any CPU
		{39D9DE2F-BBC2-4874-9B74-669A211CDA27}.Release|Any CPU.ActiveCfg = Release|Any CPU
		{39D9DE2F-BBC2-4874-9B74-669A211CDA27}.Release|Any CPU.Build.0 = Release|Any CPU
	EndGlobalSection
	GlobalSection(SolutionProperties) = preSolution
		HideSolutionNode = FALSE
	EndGlobalSection
	GlobalSection(ExtensibilityGlobals) = postSolution
		SolutionGuid = {BB16035E-B7B4-4721-90F4-323F14136387}
	EndGlobalSection
EndGlobal
